
Microsoft Visual Studio Solution File, Format Version 12.00
# Visual Studio Version 17
VisualStudioVersion = 17.5.33502.453
MinimumVisualStudioVersion = 10.0.40219.1
Project("{FAE04EC0-301F-11D3-BF4B-00C04F79EFBC}") = "admin_mermoz", "admin_mermoz\admin_mermoz.csproj", "{2E4BA124-A2FB-4477-93AD-CD29A751C1FB}"
EndProject
Global
	GlobalSection(SolutionConfigurationPlatforms) = preSolution
		Debug|Any CPU = Debug|Any CPU
		Release|Any CPU = Release|Any CPU
	EndGlobalSection
	GlobalSection(ProjectConfigurationPlatforms) = postSolution
		{2E4BA124-A2FB-4477-93AD-CD29A751C1FB}.Debug|Any CPU.ActiveCfg = Debug|Any CPU
		{2E4BA124-A2FB-4477-93AD-CD29A751C1FB}.Debug|Any CPU.Build.0 = Debug|Any CPU
		{2E4BA124-A2FB-4477-93AD-CD29A751C1FB}.Release|Any CPU.ActiveCfg = Release|Any CPU
		{2E4BA124-A2FB-4477-93AD-CD29A751C1FB}.Release|Any CPU.Build.0 = Release|Any CPU
	EndGlobalSection
	GlobalSection(SolutionProperties) = preSolution
		HideSolutionNode = FALSE
	EndGlobalSection
	GlobalSection(ExtensibilityGlobals) = postSolution
		SolutionGuid = {EE185E4C-65E4-473B-A87D-4E4CD9496951}
	EndGlobalSection
EndGlobal
